
Microsoft Visual Studio Solution File, Format Version 12.00
# Visual Studio Version 17
VisualStudioVersion = 17.5.002.0
MinimumVisualStudioVersion = 10.0.40219.1
Project("{9A19103F-16F7-4668-BE54-9A1E7A4F7556}") = "Context", "Context\Context.csproj", "{832DD0EF-1E68-40CB-8FC9-2A3B6416E61D}"
EndProject
Project("{9A19103F-16F7-4668-BE54-9A1E7A4F7556}") = "Models", "Models\Models.csproj", "{AB081F7C-2165-47DE-AA27-7B976BF47209}"
EndProject
Global
	GlobalSection(SolutionConfigurationPlatforms) = preSolution
		Debug|Any CPU = Debug|Any CPU
		Release|Any CPU = Release|Any CPU
	EndGlobalSection
	GlobalSection(ProjectConfigurationPlatforms) = postSolution
		{832DD0EF-1E68-40CB-8FC9-2A3B6416E61D}.Debug|Any CPU.ActiveCfg = Debug|Any CPU
		{832DD0EF-1E68-40CB-8FC9-2A3B6416E61D}.Debug|Any CPU.Build.0 = Debug|Any CPU
		{832DD0EF-1E68-40CB-8FC9-2A3B6416E61D}.Release|Any CPU.ActiveCfg = Release|Any CPU
		{832DD0EF-1E68-40CB-8FC9-2A3B6416E61D}.Release|Any CPU.Build.0 = Release|Any CPU
		{AB081F7C-2165-47DE-AA27-7B976BF47209}.Debug|Any CPU.ActiveCfg = Debug|Any CPU
		{AB081F7C-2165-47DE-AA27-7B976BF47209}.Debug|Any CPU.Build.0 = Debug|Any CPU
		{AB081F7C-2165-47DE-AA27-7B976BF47209}.Release|Any CPU.ActiveCfg = Release|Any CPU
		{AB081F7C-2165-47DE-AA27-7B976BF47209}.Release|Any CPU.Build.0 = Release|Any CPU
	EndGlobalSection
	GlobalSection(SolutionProperties) = preSolution
		HideSolutionNode = FALSE
	EndGlobalSection
	GlobalSection(ExtensibilityGlobals) = postSolution
		SolutionGuid = {F8A78F4A-C1EE-4A51-B6A2-38B7846F7807}
	EndGlobalSection
EndGlobal
